{
  "version": 1,
  "dependencies": {
    "net8.0": {
      "festival.contentadapter": {
        "type": "Project",
        "dependencies": {
          "Festival.Simulation": "[1.0.0, )"
        }
      },
      "festival.simulation": {
        "type": "Project"
      }
    },
    "net8.0/win-x64": {}
  }
}